<?xml version="1.0" encoding="utf-8"?>
<Project ToolsVersion="4.0" xmlns="http://schemas.microsoft.com/developer/msbuild/2003">
  <ItemGroup>
    <Filter Include="Source Files">
      <UniqueIdentifier>{4FC737F1-C7A5-4376-A066-2A32D752A2FF}</UniqueIdentifier>
      <Extensions>cpp;c;cc;cxx;def;odl;idl;hpj;bat;asm;asmx</Extensions>
    </Filter>
    <Filter Include="Header Files">
      <UniqueIdentifier>{93995380-89BD-4b04-88EB-625FBE52EBFB}</UniqueIdentifier>
      <Extensions>h;hh;hpp;hxx;hm;inl;inc;xsd</Extensions>
    </Filter>
    <Filter Include="Resource Files">
      <UniqueIdentifier>{67DA6AB6-F800-4c08-8B7A-83BB121AAD01}</UniqueIdentifier>
      <Extensions>rc;ico;cur;bmp;dlg;rc2;rct;bin;rgs;gif;jpg;jpeg;jpe;resx;tiff;tif;png;wav;mfcribbon-ms</Extensions>
    </Filter>
    <Filter Include="Header Files\Token">
      <UniqueIdentifier>{97225698-eb93-4250-a6f3-e81c1855700f}</UniqueIdentifier>
    </Filter>
    <Filter Include="Header Files\SyntaxTree">
      <UniqueIdentifier>{d01fed0a-fc75-480b-aceb-24eb5804ff00}</UniqueIdentifier>
    </Filter>
    <Filter Include="Source Files\SyntaxTree">
      <UniqueIdentifier>{0166980b-1ed0-425a-8506-49157b580b1f}</UniqueIdentifier>
    </Filter>
    <Filter Include="Header Files\Intermediate">
      <UniqueIdentifier>{ee05721e-cc0f-4015-ab9f-44f571593ea1}</UniqueIdentifier>
    </Filter>
  </ItemGroup>
  <ItemGroup>
    <ClInclude Include="..\include\InputManager.h">
      <Filter>Header Files</Filter>
    </ClInclude>
    <ClInclude Include="..\include\Interpreter.h">
      <Filter>Header Files</Filter>
    </ClInclude>
    <ClInclude Include="..\include\MessageHandler.h">
      <Filter>Header Files</Filter>
    </ClInclude>
    <ClInclude Include="..\include\tokens\Token.h">
      <Filter>Header Files\Token</Filter>
    </ClInclude>
    <ClInclude Include="..\include\tokens\TokenType.h">
      <Filter>Header Files\Token</Filter>
    </ClInclude>
    <ClInclude Include="..\include\Lexer.h">
      <Filter>Header Files</Filter>
    </ClInclude>
    <ClInclude Include="..\include\Parser.h">
      <Filter>Header Files</Filter>
    </ClInclude>
    <ClInclude Include="..\include\syntax_tree\Node.h">
      <Filter>Header Files\SyntaxTree</Filter>
    </ClInclude>
    <ClInclude Include="..\include\syntax_tree\Assignable.h">
      <Filter>Header Files\SyntaxTree</Filter>
    </ClInclude>
    <ClInclude Include="..\include\syntax_tree\Assignment.h">
      <Filter>Header Files\SyntaxTree</Filter>
    </ClInclude>
    <ClInclude Include="..\include\syntax_tree\Call.h">
      <Filter>Header Files\SyntaxTree</Filter>
    </ClInclude>
    <ClInclude Include="..\include\syntax_tree\Condition.h">
      <Filter>Header Files\SyntaxTree</Filter>
    </ClInclude>
    <ClInclude Include="..\include\syntax_tree\Expression.h">
      <Filter>Header Files\SyntaxTree</Filter>
    </ClInclude>
    <ClInclude Include="..\include\syntax_tree\IfStatement.h">
      <Filter>Header Files\SyntaxTree</Filter>
    </ClInclude>
    <ClInclude Include="..\include\syntax_tree\LoopJump.h">
      <Filter>Header Files\SyntaxTree</Filter>
    </ClInclude>
    <ClInclude Include="..\include\syntax_tree\Matrix.h">
      <Filter>Header Files\SyntaxTree</Filter>
    </ClInclude>
    <ClInclude Include="..\include\syntax_tree\Program.h">
      <Filter>Header Files\SyntaxTree</Filter>
    </ClInclude>
    <ClInclude Include="..\include\syntax_tree\ReturnStatement.h">
      <Filter>Header Files\SyntaxTree</Filter>
    </ClInclude>
    <ClInclude Include="..\include\syntax_tree\StatementBlock.h">
      <Filter>Header Files\SyntaxTree</Filter>
    </ClInclude>
    <ClInclude Include="..\include\syntax_tree\VarDeclaration.h">
      <Filter>Header Files\SyntaxTree</Filter>
    </ClInclude>
    <ClInclude Include="..\include\syntax_tree\Variable.h">
      <Filter>Header Files\SyntaxTree</Filter>
    </ClInclude>
    <ClInclude Include="..\include\syntax_tree\WhileStatement.h">
      <Filter>Header Files\SyntaxTree</Filter>
    </ClInclude>
    <ClInclude Include="..\include\SemanticChecker.h">
      <Filter>Header Files</Filter>
    </ClInclude>
    <ClInclude Include="..\include\intermediate\Assignable.h">
      <Filter>Header Files\Intermediate</Filter>
    </ClInclude>
    <ClInclude Include="..\include\intermediate\AssignmentInstr.h">
      <Filter>Header Files\Intermediate</Filter>
    </ClInclude>
    <ClInclude Include="..\include\intermediate\Block.h">
      <Filter>Header Files\Intermediate</Filter>
    </ClInclude>
    <ClInclude Include="..\include\intermediate\CallInstr.h">
      <Filter>Header Files\Intermediate</Filter>
    </ClInclude>
    <ClInclude Include="..\include\intermediate\Condition.h">
      <Filter>Header Files\Intermediate</Filter>
    </ClInclude>
    <ClInclude Include="..\include\intermediate\ConditionOperand.h">
      <Filter>Header Files\Intermediate</Filter>
    </ClInclude>
    <ClInclude Include="..\include\intermediate\Executable.h">
      <Filter>Header Files\Intermediate</Filter>
    </ClInclude>
    <ClInclude Include="..\include\intermediate\Expression.h">
      <Filter>Header Files\Intermediate</Filter>
    </ClInclude>
    <ClInclude Include="..\include\intermediate\ExpressionOperand.h">
      <Filter>Header Files\Intermediate</Filter>
    </ClInclude>
    <ClInclude Include="..\include\intermediate\Function.h">
      <Filter>Header Files\Intermediate</Filter>
    </ClInclude>
    <ClInclude Include="..\include\intermediate\Instruction.h">
      <Filter>Header Files\Intermediate</Filter>
    </ClInclude>
    <ClInclude Include="..\include\intermediate\IR.h">
      <Filter>Header Files\Intermediate</Filter>
    </ClInclude>
    <ClInclude Include="..\include\intermediate\Literal.h">
      <Filter>Header Files\Intermediate</Filter>
    </ClInclude>
    <ClInclude Include="..\include\intermediate\LoopJumpInstr.h">
      <Filter>Header Files\Intermediate</Filter>
    </ClInclude>
    <ClInclude Include="..\include\intermediate\ReturnInstr.h">
      <Filter>Header Files\Intermediate</Filter>
    </ClInclude>
    <ClInclude Include="..\include\intermediate\Variable.h">
      <Filter>Header Files\Intermediate</Filter>
    </ClInclude>
    <ClInclude Include="..\include\Library.h">
      <Filter>Header Files</Filter>
    </ClInclude>
    <ClInclude Include="..\include\Executor.h">
      <Filter>Header Files</Filter>
    </ClInclude>
    <ClInclude Include="..\include\intermediate\ScopePrototype.h">
      <Filter>Header Files\Intermediate</Filter>
    </ClInclude>
    <ClInclude Include="..\include\intermediate\ScopeInstance.h">
      <Filter>Header Files\Intermediate</Filter>
    </ClInclude>
    <ClInclude Include="..\include\intermediate\IfInstr.h">
      <Filter>Header Files\Intermediate</Filter>
    </ClInclude>
    <ClInclude Include="..\include\intermediate\WhileInstr.h">
      <Filter>Header Files\Intermediate</Filter>
    </ClInclude>
    <ClInclude Include="..\include\syntax_tree\FunctionDefinition.h">
      <Filter>Header Files\SyntaxTree</Filter>
    </ClInclude>
    <ClInclude Include="..\include\syntax_tree\Literal.h">
      <Filter>Header Files\SyntaxTree</Filter>
    </ClInclude>
    <ClInclude Include="..\include\syntax_tree\Bool.h">
      <Filter>Header Files\SyntaxTree</Filter>
    </ClInclude>
    <ClInclude Include="..\include\syntax_tree\Number.h">
      <Filter>Header Files\SyntaxTree</Filter>
    </ClInclude>
    <ClInclude Include="..\include\syntax_tree\Includes.h">
      <Filter>Header Files\SyntaxTree</Filter>
    </ClInclude>
    <ClInclude Include="..\include\syntax_tree\SyntaxString.h">
      <Filter>Header Files\SyntaxTree</Filter>
    </ClInclude>
    <ClInclude Include="..\include\syntax_tree\ConstDeclaration.h">
      <Filter>Header Files\SyntaxTree</Filter>
    </ClInclude>
  </ItemGroup>
  <ItemGroup>
    <ClCompile Include="..\src\InputManager.cpp">
      <Filter>Source Files</Filter>
    </ClCompile>
    <ClCompile Include="..\src\main.cpp">
      <Filter>Source Files</Filter>
    </ClCompile>
    <ClCompile Include="..\src\Interpreter.cpp">
      <Filter>Source Files</Filter>
    </ClCompile>
    <ClCompile Include="..\src\MessageHandler.cpp">
      <Filter>Source Files</Filter>
    </ClCompile>
    <ClCompile Include="..\src\Lexer.cpp">
      <Filter>Source Files</Filter>
    </ClCompile>
    <ClCompile Include="..\src\Parser.cpp">
      <Filter>Source Files</Filter>
    </ClCompile>
    <ClCompile Include="..\src\SemanticChecker.cpp">
      <Filter>Source Files</Filter>
    </ClCompile>
    <ClCompile Include="..\src\Library.cpp">
      <Filter>Source Files</Filter>
    </ClCompile>
    <ClCompile Include="..\src\Executor.cpp">
      <Filter>Source Files</Filter>
    </ClCompile>
  </ItemGroup>
</Project>